
Microsoft Visual Studio Solution File, Format Version 12.00
# Visual Studio Version 17
VisualStudioVersion = 17.6.33829.357
MinimumVisualStudioVersion = 10.0.40219.1
Project("{FAE04EC0-301F-11D3-BF4B-00C04F79EFBC}") = "Mini_project", "Mini_project\Mini_project.csproj", "{518ADC1C-B3F3-4138-9387-B74C3A40931E}"
EndProject
Global
	GlobalSection(SolutionConfigurationPlatforms) = preSolution
		Debug|Any CPU = Debug|Any CPU
		Release|Any CPU = Release|Any CPU
	EndGlobalSection
	GlobalSection(ProjectConfigurationPlatforms) = postSolution
		{518ADC1C-B3F3-4138-9387-B74C3A40931E}.Debug|Any CPU.ActiveCfg = Debug|Any CPU
		{518ADC1C-B3F3-4138-9387-B74C3A40931E}.Debug|Any CPU.Build.0 = Debug|Any CPU
		{518ADC1C-B3F3-4138-9387-B74C3A40931E}.Release|Any CPU.ActiveCfg = Release|Any CPU
		{518ADC1C-B3F3-4138-9387-B74C3A40931E}.Release|Any CPU.Build.0 = Release|Any CPU
	EndGlobalSection
	GlobalSection(SolutionProperties) = preSolution
		HideSolutionNode = FALSE
	EndGlobalSection
	GlobalSection(ExtensibilityGlobals) = postSolution
		SolutionGuid = {C54B88F3-C29F-4D62-8DBF-1F306EADA51D}
	EndGlobalSection
EndGlobal
